
Microsoft Visual Studio Solution File, Format Version 12.00
# Visual Studio Version 17
VisualStudioVersion = 17.14.36717.8 d17.14
MinimumVisualStudioVersion = 10.0.40219.1
Project("{FAE04EC0-301F-11D3-BF4B-00C04F79EFBC}") = "AirFilterWarning", "AirFilterWarning.csproj", "{6056731C-835F-4C62-A922-626D110A84EB}"
EndProject
Global
	GlobalSection(SolutionConfigurationPlatforms) = preSolution
		Debug|Any CPU = Debug|Any CPU
		Release|Any CPU = Release|Any CPU
	EndGlobalSection
	GlobalSection(ProjectConfigurationPlatforms) = postSolution
		{6056731C-835F-4C62-A922-626D110A84EB}.Debug|Any CPU.ActiveCfg = Debug|Any CPU
		{6056731C-835F-4C62-A922-626D110A84EB}.Debug|Any CPU.Build.0 = Debug|Any CPU
		{6056731C-835F-4C62-A922-626D110A84EB}.Release|Any CPU.ActiveCfg = Release|Any CPU
		{6056731C-835F-4C62-A922-626D110A84EB}.Release|Any CPU.Build.0 = Release|Any CPU
	EndGlobalSection
	GlobalSection(SolutionProperties) = preSolution
		HideSolutionNode = FALSE
	EndGlobalSection
	GlobalSection(ExtensibilityGlobals) = postSolution
		SolutionGuid = {FD75C396-B36E-42FC-A599-12038DE547C8}
	EndGlobalSection
EndGlobal
